
Microsoft Visual Studio Solution File, Format Version 12.00
# Visual Studio Version 17
VisualStudioVersion = 17.14.36414.22 d17.14
MinimumVisualStudioVersion = 10.0.40219.1
Project("{FAE04EC0-301F-11D3-BF4B-00C04F79EFBC}") = "Group4_IT3045_FinalProject", "Group4_IT3045_FinalProject\Group4_IT3045_FinalProject.csproj", "{D92DF9E3-B84E-4429-8722-052C614728DC}"
EndProject
Global
	GlobalSection(SolutionConfigurationPlatforms) = preSolution
		Debug|Any CPU = Debug|Any CPU
		Release|Any CPU = Release|Any CPU
	EndGlobalSection
	GlobalSection(ProjectConfigurationPlatforms) = postSolution
		{D92DF9E3-B84E-4429-8722-052C614728DC}.Debug|Any CPU.ActiveCfg = Debug|Any CPU
		{D92DF9E3-B84E-4429-8722-052C614728DC}.Debug|Any CPU.Build.0 = Debug|Any CPU
		{D92DF9E3-B84E-4429-8722-052C614728DC}.Release|Any CPU.ActiveCfg = Release|Any CPU
		{D92DF9E3-B84E-4429-8722-052C614728DC}.Release|Any CPU.Build.0 = Release|Any CPU
	EndGlobalSection
	GlobalSection(SolutionProperties) = preSolution
		HideSolutionNode = FALSE
	EndGlobalSection
	GlobalSection(ExtensibilityGlobals) = postSolution
		SolutionGuid = {F2579A24-A3A9-4E2A-9EF2-EC4E84B72695}
	EndGlobalSection
EndGlobal
